
Microsoft Visual Studio Solution File, Format Version 12.00
# Visual Studio Version 17
VisualStudioVersion = 17.7.34024.191
MinimumVisualStudioVersion = 10.0.40219.1
Project("{9A19103F-16F7-4668-BE54-9A1E7A4F7556}") = "AnimeFigureProject.EntityModels", "AnimeFigureProject.EntityModels\AnimeFigureProject.EntityModels.csproj", "{869623C7-2182-444F-B284-9B4846845F27}"
EndProject
Project("{9A19103F-16F7-4668-BE54-9A1E7A4F7556}") = "AnimeFigureProject.Api", "AnimeFigureProject.Api\AnimeFigureProject.Api.csproj", "{6F5D240A-9587-45B6-BEAE-C785F3801DB0}"
EndProject
Project("{9A19103F-16F7-4668-BE54-9A1E7A4F7556}") = "AnimeFigureProject.DatabaseContext", "AnimeFigureProject.DatabaseContext\AnimeFigureProject.DatabaseContext.csproj", "{B2D15C4B-F279-4048-8CB3-CC42D2807CB0}"
EndProject
Project("{9A19103F-16F7-4668-BE54-9A1E7A4F7556}") = "AnimeFigureProject.WebApp", "AnimeFigureProject.WebApp\AnimeFigureProject.WebApp.csproj", "{73B23782-ADC9-4A5A-AE7C-DCF2548880D3}"
EndProject
Project("{FAE04EC0-301F-11D3-BF4B-00C04F79EFBC}") = "AnimeFigureProject.DatabaseAccess", "AnimeFigureProject.DatabaseAccess\AnimeFigureProject.DatabaseAccess.csproj", "{71366AD5-829A-4C07-BC2F-06D58F1BF8A4}"
EndProject
Global
	GlobalSection(SolutionConfigurationPlatforms) = preSolution
		Debug|Any CPU = Debug|Any CPU
		Release|Any CPU = Release|Any CPU
	EndGlobalSection
	GlobalSection(ProjectConfigurationPlatforms) = postSolution
		{869623C7-2182-444F-B284-9B4846845F27}.Debug|Any CPU.ActiveCfg = Debug|Any CPU
		{869623C7-2182-444F-B284-9B4846845F27}.Debug|Any CPU.Build.0 = Debug|Any CPU
		{869623C7-2182-444F-B284-9B4846845F27}.Release|Any CPU.ActiveCfg = Release|Any CPU
		{869623C7-2182-444F-B284-9B4846845F27}.Release|Any CPU.Build.0 = Release|Any CPU
		{6F5D240A-9587-45B6-BEAE-C785F3801DB0}.Debug|Any CPU.ActiveCfg = Debug|Any CPU
		{6F5D240A-9587-45B6-BEAE-C785F3801DB0}.Debug|Any CPU.Build.0 = Debug|Any CPU
		{6F5D240A-9587-45B6-BEAE-C785F3801DB0}.Release|Any CPU.ActiveCfg = Release|Any CPU
		{6F5D240A-9587-45B6-BEAE-C785F3801DB0}.Release|Any CPU.Build.0 = Release|Any CPU
		{B2D15C4B-F279-4048-8CB3-CC42D2807CB0}.Debug|Any CPU.ActiveCfg = Debug|Any CPU
		{B2D15C4B-F279-4048-8CB3-CC42D2807CB0}.Debug|Any CPU.Build.0 = Debug|Any CPU
		{B2D15C4B-F279-4048-8CB3-CC42D2807CB0}.Release|Any CPU.ActiveCfg = Release|Any CPU
		{B2D15C4B-F279-4048-8CB3-CC42D2807CB0}.Release|Any CPU.Build.0 = Release|Any CPU
		{73B23782-ADC9-4A5A-AE7C-DCF2548880D3}.Debug|Any CPU.ActiveCfg = Debug|Any CPU
		{73B23782-ADC9-4A5A-AE7C-DCF2548880D3}.Debug|Any CPU.Build.0 = Debug|Any CPU
		{73B23782-ADC9-4A5A-AE7C-DCF2548880D3}.Release|Any CPU.ActiveCfg = Release|Any CPU
		{73B23782-ADC9-4A5A-AE7C-DCF2548880D3}.Release|Any CPU.Build.0 = Release|Any CPU
		{71366AD5-829A-4C07-BC2F-06D58F1BF8A4}.Debug|Any CPU.ActiveCfg = Debug|Any CPU
		{71366AD5-829A-4C07-BC2F-06D58F1BF8A4}.Debug|Any CPU.Build.0 = Debug|Any CPU
		{71366AD5-829A-4C07-BC2F-06D58F1BF8A4}.Release|Any CPU.ActiveCfg = Release|Any CPU
		{71366AD5-829A-4C07-BC2F-06D58F1BF8A4}.Release|Any CPU.Build.0 = Release|Any CPU
	EndGlobalSection
	GlobalSection(SolutionProperties) = preSolution
		HideSolutionNode = FALSE
	EndGlobalSection
	GlobalSection(ExtensibilityGlobals) = postSolution
		SolutionGuid = {29B0760D-40BA-48EC-802A-4EECDE07ECAD}
	EndGlobalSection
EndGlobal
